// !$*UTF8*$!
{
	archiveVersion = 1;
	classes = {
	};
	objectVersion = 46;
	objects = {

/* Begin PBXBuildFile section */
		1221927D269CB6F25DDF0773 /* Pods_SciTuner.framework in Frameworks */ = {isa = PBXBuildFile; fileRef = E81863D516AD60F020944F0E /* Pods_SciTuner.framework */; };
		920381B81F446E52005D85F7 /* TuningView.swift in Sources */ = {isa = PBXBuildFile; fileRef = 920381B71F446E52005D85F7 /* TuningView.swift */; };
		921A465D1F570ADB00F48C45 /* Gradient.png in Resources */ = {isa = PBXBuildFile; fileRef = 921A465C1F570ADB00F48C45 /* Gradient.png */; };
		922646641F55DF6400DFE29E /* Style.swift in Sources */ = {isa = PBXBuildFile; fileRef = 922646631F55DF6400DFE29E /* Style.swift */; };
		922646661F55E04000DFE29E /* UIColor+Hex.swift in Sources */ = {isa = PBXBuildFile; fileRef = 922646651F55E04000DFE29E /* UIColor+Hex.swift */; };
		9236162A1F3B5CC5001114F3 /* FiltersAlertController.swift in Sources */ = {isa = PBXBuildFile; fileRef = 923616251F3B5CC5001114F3 /* FiltersAlertController.swift */; };
		9236162B1F3B5CC5001114F3 /* FretsAlertController.swift in Sources */ = {isa = PBXBuildFile; fileRef = 923616261F3B5CC5001114F3 /* FretsAlertController.swift */; };
		9236162C1F3B5CC5001114F3 /* InstrumentsAlertController.swift in Sources */ = {isa = PBXBuildFile; fileRef = 923616271F3B5CC5001114F3 /* InstrumentsAlertController.swift */; };
		9236162D1F3B5CC5001114F3 /* SettingsViewController.swift in Sources */ = {isa = PBXBuildFile; fileRef = 923616281F3B5CC5001114F3 /* SettingsViewController.swift */; };
		9236162E1F3B5CC5001114F3 /* TunerViewController.swift in Sources */ = {isa = PBXBuildFile; fileRef = 923616291F3B5CC5001114F3 /* TunerViewController.swift */; };
		923616301F3B5CDE001114F3 /* ViewController.swift in Sources */ = {isa = PBXBuildFile; fileRef = 9236162F1F3B5CDE001114F3 /* ViewController.swift */; };
		9236163A1F3B5CF8001114F3 /* dspmath.c in Sources */ = {isa = PBXBuildFile; fileRef = 923616331F3B5CF8001114F3 /* dspmath.c */; };
		9236163B1F3B5CF8001114F3 /* micsource.c in Sources */ = {isa = PBXBuildFile; fileRef = 923616351F3B5CF8001114F3 /* micsource.c */; };
		9236163C1F3B5CF8001114F3 /* processing.c in Sources */ = {isa = PBXBuildFile; fileRef = 923616371F3B5CF8001114F3 /* processing.c */; };
		9236164B1F3B5D1D001114F3 /* CustomButton.swift in Sources */ = {isa = PBXBuildFile; fileRef = 9236163F1F3B5D1D001114F3 /* CustomButton.swift */; };
		9236164D1F3B5D1D001114F3 /* ModebarView.swift in Sources */ = {isa = PBXBuildFile; fileRef = 923616411F3B5D1D001114F3 /* ModebarView.swift */; };
		9236164E1F3B5D1D001114F3 /* FineTuningView.swift in Sources */ = {isa = PBXBuildFile; fileRef = 923616421F3B5D1D001114F3 /* FineTuningView.swift */; };
		9236164F1F3B5D1D001114F3 /* PanelView.swift in Sources */ = {isa = PBXBuildFile; fileRef = 923616431F3B5D1D001114F3 /* PanelView.swift */; };
		923616501F3B5D1D001114F3 /* PointerView.swift in Sources */ = {isa = PBXBuildFile; fileRef = 923616441F3B5D1D001114F3 /* PointerView.swift */; };
		923616531F3B5D1D001114F3 /* SettingsView.swift in Sources */ = {isa = PBXBuildFile; fileRef = 923616471F3B5D1D001114F3 /* SettingsView.swift */; };
		9236165C1F3B5D2E001114F3 /* Microphone.swift in Sources */ = {isa = PBXBuildFile; fileRef = 923616571F3B5D2E001114F3 /* Microphone.swift */; };
		9236165E1F3B5D2E001114F3 /* Processing.swift in Sources */ = {isa = PBXBuildFile; fileRef = 923616591F3B5D2E001114F3 /* Processing.swift */; };
		923616601F3B5D2E001114F3 /* Tuner.swift in Sources */ = {isa = PBXBuildFile; fileRef = 9236165B1F3B5D2E001114F3 /* Tuner.swift */; };
		923920481A502DFE00ACDC2E /* Accelerate.framework in Frameworks */ = {isa = PBXBuildFile; fileRef = 920F09721A40A9D000A69F7A /* Accelerate.framework */; };
		9239204A1A502E0500ACDC2E /* AVFoundation.framework in Frameworks */ = {isa = PBXBuildFile; fileRef = 923920491A502E0500ACDC2E /* AVFoundation.framework */; };
		925021A21F544B3700D44A75 /* Smoothing.swift in Sources */ = {isa = PBXBuildFile; fileRef = 925021A11F544B3700D44A75 /* Smoothing.swift */; };
		925021A31F544B3700D44A75 /* Smoothing.swift in Sources */ = {isa = PBXBuildFile; fileRef = 925021A11F544B3700D44A75 /* Smoothing.swift */; };
		926629B11F583773000B6DCD /* TuningTests.swift in Sources */ = {isa = PBXBuildFile; fileRef = 926629B01F583773000B6DCD /* TuningTests.swift */; };
		926629B21F5837FE000B6DCD /* Tuning.swift in Sources */ = {isa = PBXBuildFile; fileRef = 929E1A0A1F3C769B005561D2 /* Tuning.swift */; };
		926629B31F58388F000B6DCD /* Instrument.swift in Sources */ = {isa = PBXBuildFile; fileRef = 92AB42E81F3BA5AE00EBB7E0 /* Instrument.swift */; };
		92668DE21F3E4B08002EC3B3 /* FretTests.swift in Sources */ = {isa = PBXBuildFile; fileRef = 92668DE11F3E4B08002EC3B3 /* FretTests.swift */; };
		92668DE31F3E4B0C002EC3B3 /* Fret.swift in Sources */ = {isa = PBXBuildFile; fileRef = 929E1A111F3C9111005561D2 /* Fret.swift */; };
		92668DE41F3E4C59002EC3B3 /* String+Localization.swift in Sources */ = {isa = PBXBuildFile; fileRef = 92CF780C1F3B64650009EEA9 /* String+Localization.swift */; };
		929E1A0B1F3C769B005561D2 /* Tuning.swift in Sources */ = {isa = PBXBuildFile; fileRef = 929E1A0A1F3C769B005561D2 /* Tuning.swift */; };
		929E1A0F1F3C8B01005561D2 /* NoteTests.swift in Sources */ = {isa = PBXBuildFile; fileRef = 929E1A0E1F3C8B01005561D2 /* NoteTests.swift */; };
		929E1A101F3C8BAF005561D2 /* Note.swift in Sources */ = {isa = PBXBuildFile; fileRef = 92AB42EE1F3BB6D000EBB7E0 /* Note.swift */; };
		929E1A121F3C9111005561D2 /* Fret.swift in Sources */ = {isa = PBXBuildFile; fileRef = 929E1A111F3C9111005561D2 /* Fret.swift */; };
		92A524511F3F5EF1000AA1B5 /* FrequencyBarView.swift in Sources */ = {isa = PBXBuildFile; fileRef = 92A524501F3F5EF1000AA1B5 /* FrequencyBarView.swift */; };
		92AB42E91F3BA5AE00EBB7E0 /* Instrument.swift in Sources */ = {isa = PBXBuildFile; fileRef = 92AB42E81F3BA5AE00EBB7E0 /* Instrument.swift */; };
		92AB42EB1F3BB35900EBB7E0 /* Filter.swift in Sources */ = {isa = PBXBuildFile; fileRef = 92AB42EA1F3BB35900EBB7E0 /* Filter.swift */; };
		92AB42ED1F3BB57500EBB7E0 /* Pitch.swift in Sources */ = {isa = PBXBuildFile; fileRef = 92AB42EC1F3BB57500EBB7E0 /* Pitch.swift */; };
		92AB42EF1F3BB6D000EBB7E0 /* Note.swift in Sources */ = {isa = PBXBuildFile; fileRef = 92AB42EE1F3BB6D000EBB7E0 /* Note.swift */; };
		92C2B8251A5801E8008F6A31 /* AppDelegate.swift in Sources */ = {isa = PBXBuildFile; fileRef = 92C2B8101A5801E8008F6A31 /* AppDelegate.swift */; };
		92C2B8261A5801E8008F6A31 /* LaunchScreen.xib in Resources */ = {isa = PBXBuildFile; fileRef = 92C2B8111A5801E8008F6A31 /* LaunchScreen.xib */; };
		92C2B8281A5801E8008F6A31 /* Images.xcassets in Resources */ = {isa = PBXBuildFile; fileRef = 92C2B8151A5801E8008F6A31 /* Images.xcassets */; };
		92C2B8291A5801E8008F6A31 /* Info.plist in Resources */ = {isa = PBXBuildFile; fileRef = 92C2B8161A5801E8008F6A31 /* Info.plist */; };
		92C9C77C1F575DD20062CB86 /* SmoothingTests.swift in Sources */ = {isa = PBXBuildFile; fileRef = 92C9C77B1F575DD20062CB86 /* SmoothingTests.swift */; };
		92C9C77E1F576EA40062CB86 /* PitchTests.swift in Sources */ = {isa = PBXBuildFile; fileRef = 92C9C77D1F576EA40062CB86 /* PitchTests.swift */; };
		92C9C77F1F576ECB0062CB86 /* Pitch.swift in Sources */ = {isa = PBXBuildFile; fileRef = 92AB42EC1F3BB57500EBB7E0 /* Pitch.swift */; };
		92CF78021F3B60C10009EEA9 /* TubeScene.swift in Sources */ = {isa = PBXBuildFile; fileRef = 92CF78011F3B60C10009EEA9 /* TubeScene.swift */; };
		92CF78071F3B61E10009EEA9 /* Localizable.strings in Resources */ = {isa = PBXBuildFile; fileRef = 92CF78091F3B61E10009EEA9 /* Localizable.strings */; };
		92CF780D1F3B64650009EEA9 /* String+Localization.swift in Sources */ = {isa = PBXBuildFile; fileRef = 92CF780C1F3B64650009EEA9 /* String+Localization.swift */; };
		92CF780F1F3B68B90009EEA9 /* Settings.swift in Sources */ = {isa = PBXBuildFile; fileRef = 92CF780E1F3B68B90009EEA9 /* Settings.swift */; };
		92D207521F3B5E4C00C08471 /* SciTunerTests.swift in Sources */ = {isa = PBXBuildFile; fileRef = 92D207511F3B5E4C00C08471 /* SciTunerTests.swift */; };
		ADC496E492F5F24E33CDF86D /* Pods_SciTunerTests.framework in Frameworks */ = {isa = PBXBuildFile; fileRef = 2FC678D8D67F8A46DC76060D /* Pods_SciTunerTests.framework */; };
/* End PBXBuildFile section */

/* Begin PBXContainerItemProxy section */
		92D207541F3B5E4C00C08471 /* PBXContainerItemProxy */ = {
			isa = PBXContainerItemProxy;
			containerPortal = 92C4EF041A3A11C800ECD2C7 /* Project object */;
			proxyType = 1;
			remoteGlobalIDString = 92C4EF0B1A3A11C800ECD2C7;
			remoteInfo = SciTuner;
		};
/* End PBXContainerItemProxy section */

/* Begin PBXFileReference section */
		0B29579B8ED87A4D8207B24D /* Pods-SciTuner.release.xcconfig */ = {isa = PBXFileReference; includeInIndex = 1; lastKnownFileType = text.xcconfig; name = "Pods-SciTuner.release.xcconfig"; path = "Pods/Target Support Files/Pods-SciTuner/Pods-SciTuner.release.xcconfig"; sourceTree = "<group>"; };
		1063225423BBBFE47FAA2342 /* Pods-SciTuner.debug.xcconfig */ = {isa = PBXFileReference; includeInIndex = 1; lastKnownFileType = text.xcconfig; name = "Pods-SciTuner.debug.xcconfig"; path = "Pods/Target Support Files/Pods-SciTuner/Pods-SciTuner.debug.xcconfig"; sourceTree = "<group>"; };
		2FC678D8D67F8A46DC76060D /* Pods_SciTunerTests.framework */ = {isa = PBXFileReference; explicitFileType = wrapper.framework; includeInIndex = 0; path = Pods_SciTunerTests.framework; sourceTree = BUILT_PRODUCTS_DIR; };
		842FD716FEE0BC57A19ED8E2 /* Pods-SciTunerTests.release.xcconfig */ = {isa = PBXFileReference; includeInIndex = 1; lastKnownFileType = text.xcconfig; name = "Pods-SciTunerTests.release.xcconfig"; path = "Pods/Target Support Files/Pods-SciTunerTests/Pods-SciTunerTests.release.xcconfig"; sourceTree = "<group>"; };
		920381B71F446E52005D85F7 /* TuningView.swift */ = {isa = PBXFileReference; fileEncoding = 4; lastKnownFileType = sourcecode.swift; name = TuningView.swift; path = Views/TuningView.swift; sourceTree = "<group>"; };
		920F09721A40A9D000A69F7A /* Accelerate.framework */ = {isa = PBXFileReference; lastKnownFileType = wrapper.framework; name = Accelerate.framework; path = System/Library/Frameworks/Accelerate.framework; sourceTree = SDKROOT; };
		921A465C1F570ADB00F48C45 /* Gradient.png */ = {isa = PBXFileReference; lastKnownFileType = image.png; name = Gradient.png; path = Sprites/Gradient.png; sourceTree = "<group>"; };
		922646631F55DF6400DFE29E /* Style.swift */ = {isa = PBXFileReference; fileEncoding = 4; lastKnownFileType = sourcecode.swift; name = Style.swift; path = Models/Style.swift; sourceTree = "<group>"; };
		922646651F55E04000DFE29E /* UIColor+Hex.swift */ = {isa = PBXFileReference; fileEncoding = 4; lastKnownFileType = sourcecode.swift; name = "UIColor+Hex.swift"; path = "Helpers/UIColor+Hex.swift"; sourceTree = "<group>"; };
		923616251F3B5CC5001114F3 /* FiltersAlertController.swift */ = {isa = PBXFileReference; fileEncoding = 4; lastKnownFileType = sourcecode.swift; name = FiltersAlertController.swift; path = ViewControllers/FiltersAlertController.swift; sourceTree = "<group>"; };
		923616261F3B5CC5001114F3 /* FretsAlertController.swift */ = {isa = PBXFileReference; fileEncoding = 4; lastKnownFileType = sourcecode.swift; name = FretsAlertController.swift; path = ViewControllers/FretsAlertController.swift; sourceTree = "<group>"; };
		923616271F3B5CC5001114F3 /* InstrumentsAlertController.swift */ = {isa = PBXFileReference; fileEncoding = 4; lastKnownFileType = sourcecode.swift; name = InstrumentsAlertController.swift; path = ViewControllers/InstrumentsAlertController.swift; sourceTree = "<group>"; };
		923616281F3B5CC5001114F3 /* SettingsViewController.swift */ = {isa = PBXFileReference; fileEncoding = 4; lastKnownFileType = sourcecode.swift; name = SettingsViewController.swift; path = ViewControllers/SettingsViewController.swift; sourceTree = "<group>"; };
		923616291F3B5CC5001114F3 /* TunerViewController.swift */ = {isa = PBXFileReference; fileEncoding = 4; lastKnownFileType = sourcecode.swift; name = TunerViewController.swift; path = ViewControllers/TunerViewController.swift; sourceTree = "<group>"; };
		9236162F1F3B5CDE001114F3 /* ViewController.swift */ = {isa = PBXFileReference; fileEncoding = 4; lastKnownFileType = sourcecode.swift; path = ViewController.swift; sourceTree = "<group>"; };
		923616331F3B5CF8001114F3 /* dspmath.c */ = {isa = PBXFileReference; fileEncoding = 4; lastKnownFileType = sourcecode.c.c; name = dspmath.c; path = DSP/dspmath.c; sourceTree = "<group>"; };
		923616341F3B5CF8001114F3 /* dspmath.h */ = {isa = PBXFileReference; fileEncoding = 4; lastKnownFileType = sourcecode.c.h; name = dspmath.h; path = DSP/dspmath.h; sourceTree = "<group>"; };
		923616351F3B5CF8001114F3 /* micsource.c */ = {isa = PBXFileReference; fileEncoding = 4; lastKnownFileType = sourcecode.c.c; name = micsource.c; path = DSP/micsource.c; sourceTree = "<group>"; };
		923616361F3B5CF8001114F3 /* micsource.h */ = {isa = PBXFileReference; fileEncoding = 4; lastKnownFileType = sourcecode.c.h; name = micsource.h; path = DSP/micsource.h; sourceTree = "<group>"; };
		923616371F3B5CF8001114F3 /* processing.c */ = {isa = PBXFileReference; fileEncoding = 4; lastKnownFileType = sourcecode.c.c; name = processing.c; path = DSP/processing.c; sourceTree = "<group>"; };
		923616381F3B5CF8001114F3 /* processing.h */ = {isa = PBXFileReference; fileEncoding = 4; lastKnownFileType = sourcecode.c.h; name = processing.h; path = DSP/processing.h; sourceTree = "<group>"; };
		9236163F1F3B5D1D001114F3 /* CustomButton.swift */ = {isa = PBXFileReference; fileEncoding = 4; lastKnownFileType = sourcecode.swift; name = CustomButton.swift; path = Views/CustomButton.swift; sourceTree = "<group>"; };
		923616411F3B5D1D001114F3 /* ModebarView.swift */ = {isa = PBXFileReference; fileEncoding = 4; lastKnownFileType = sourcecode.swift; name = ModebarView.swift; path = Views/ModebarView.swift; sourceTree = "<group>"; };
		923616421F3B5D1D001114F3 /* FineTuningView.swift */ = {isa = PBXFileReference; fileEncoding = 4; lastKnownFileType = sourcecode.swift; name = FineTuningView.swift; path = Views/FineTuningView.swift; sourceTree = "<group>"; };
		923616431F3B5D1D001114F3 /* PanelView.swift */ = {isa = PBXFileReference; fileEncoding = 4; lastKnownFileType = sourcecode.swift; name = PanelView.swift; path = Views/PanelView.swift; sourceTree = "<group>"; };
		923616441F3B5D1D001114F3 /* PointerView.swift */ = {isa = PBXFileReference; fileEncoding = 4; lastKnownFileType = sourcecode.swift; name = PointerView.swift; path = Views/PointerView.swift; sourceTree = "<group>"; };
		923616471F3B5D1D001114F3 /* SettingsView.swift */ = {isa = PBXFileReference; fileEncoding = 4; lastKnownFileType = sourcecode.swift; name = SettingsView.swift; path = Views/SettingsView.swift; sourceTree = "<group>"; };
		923616571F3B5D2E001114F3 /* Microphone.swift */ = {isa = PBXFileReference; fileEncoding = 4; lastKnownFileType = sourcecode.swift; name = Microphone.swift; path = Models/Microphone.swift; sourceTree = "<group>"; };
		923616591F3B5D2E001114F3 /* Processing.swift */ = {isa = PBXFileReference; fileEncoding = 4; lastKnownFileType = sourcecode.swift; name = Processing.swift; path = Models/Processing.swift; sourceTree = "<group>"; };
		9236165B1F3B5D2E001114F3 /* Tuner.swift */ = {isa = PBXFileReference; fileEncoding = 4; lastKnownFileType = sourcecode.swift; name = Tuner.swift; path = Models/Tuner.swift; sourceTree = "<group>"; };
		923920491A502E0500ACDC2E /* AVFoundation.framework */ = {isa = PBXFileReference; lastKnownFileType = wrapper.framework; name = AVFoundation.framework; path = System/Library/Frameworks/AVFoundation.framework; sourceTree = SDKROOT; };
		925021A11F544B3700D44A75 /* Smoothing.swift */ = {isa = PBXFileReference; fileEncoding = 4; lastKnownFileType = sourcecode.swift; name = Smoothing.swift; path = Models/Smoothing.swift; sourceTree = "<group>"; };
		926629B01F583773000B6DCD /* TuningTests.swift */ = {isa = PBXFileReference; fileEncoding = 4; lastKnownFileType = sourcecode.swift; name = TuningTests.swift; path = Models/TuningTests.swift; sourceTree = "<group>"; };
		92668DE11F3E4B08002EC3B3 /* FretTests.swift */ = {isa = PBXFileReference; fileEncoding = 4; lastKnownFileType = sourcecode.swift; name = FretTests.swift; path = Models/FretTests.swift; sourceTree = "<group>"; };
		929E1A0A1F3C769B005561D2 /* Tuning.swift */ = {isa = PBXFileReference; fileEncoding = 4; lastKnownFileType = sourcecode.swift; name = Tuning.swift; path = Models/Tuning.swift; sourceTree = "<group>"; };
		929E1A0C1F3C7956005561D2 /* en */ = {isa = PBXFileReference; lastKnownFileType = text.plist.strings; name = en; path = en.lproj/Localizable.strings; sourceTree = "<group>"; };
		929E1A0E1F3C8B01005561D2 /* NoteTests.swift */ = {isa = PBXFileReference; fileEncoding = 4; lastKnownFileType = sourcecode.swift; name = NoteTests.swift; path = Models/NoteTests.swift; sourceTree = "<group>"; };
		929E1A111F3C9111005561D2 /* Fret.swift */ = {isa = PBXFileReference; fileEncoding = 4; lastKnownFileType = sourcecode.swift; name = Fret.swift; path = Models/Fret.swift; sourceTree = "<group>"; };
		92A524501F3F5EF1000AA1B5 /* FrequencyBarView.swift */ = {isa = PBXFileReference; fileEncoding = 4; lastKnownFileType = sourcecode.swift; name = FrequencyBarView.swift; path = Views/FrequencyBarView.swift; sourceTree = "<group>"; };
		92AB42E81F3BA5AE00EBB7E0 /* Instrument.swift */ = {isa = PBXFileReference; fileEncoding = 4; lastKnownFileType = sourcecode.swift; name = Instrument.swift; path = Models/Instrument.swift; sourceTree = "<group>"; };
		92AB42EA1F3BB35900EBB7E0 /* Filter.swift */ = {isa = PBXFileReference; fileEncoding = 4; lastKnownFileType = sourcecode.swift; name = Filter.swift; path = Models/Filter.swift; sourceTree = "<group>"; };
		92AB42EC1F3BB57500EBB7E0 /* Pitch.swift */ = {isa = PBXFileReference; fileEncoding = 4; lastKnownFileType = sourcecode.swift; name = Pitch.swift; path = Models/Pitch.swift; sourceTree = "<group>"; };
		92AB42EE1F3BB6D000EBB7E0 /* Note.swift */ = {isa = PBXFileReference; fileEncoding = 4; lastKnownFileType = sourcecode.swift; name = Note.swift; path = Models/Note.swift; sourceTree = "<group>"; };
		92C2B8101A5801E8008F6A31 /* AppDelegate.swift */ = {isa = PBXFileReference; fileEncoding = 4; lastKnownFileType = sourcecode.swift; path = AppDelegate.swift; sourceTree = "<group>"; };
		92C2B8121A5801E8008F6A31 /* Base */ = {isa = PBXFileReference; lastKnownFileType = file.xib; name = Base; path = Base.lproj/LaunchScreen.xib; sourceTree = "<group>"; };
		92C2B8151A5801E8008F6A31 /* Images.xcassets */ = {isa = PBXFileReference; lastKnownFileType = folder.assetcatalog; path = Images.xcassets; sourceTree = "<group>"; };
		92C2B8161A5801E8008F6A31 /* Info.plist */ = {isa = PBXFileReference; fileEncoding = 4; lastKnownFileType = text.plist.xml; path = Info.plist; sourceTree = "<group>"; };
		92C4EF0C1A3A11C800ECD2C7 /* SciTuner.app */ = {isa = PBXFileReference; explicitFileType = wrapper.application; includeInIndex = 0; path = SciTuner.app; sourceTree = BUILT_PRODUCTS_DIR; };
		92C9C77B1F575DD20062CB86 /* SmoothingTests.swift */ = {isa = PBXFileReference; fileEncoding = 4; lastKnownFileType = sourcecode.swift; name = SmoothingTests.swift; path = Models/SmoothingTests.swift; sourceTree = "<group>"; };
		92C9C77D1F576EA40062CB86 /* PitchTests.swift */ = {isa = PBXFileReference; fileEncoding = 4; lastKnownFileType = sourcecode.swift; name = PitchTests.swift; path = Models/PitchTests.swift; sourceTree = "<group>"; };
		92CF77FF1F3B60870009EEA9 /* scituner-Bridging-Header.h */ = {isa = PBXFileReference; fileEncoding = 4; lastKnownFileType = sourcecode.c.h; path = "scituner-Bridging-Header.h"; sourceTree = "<group>"; };
		92CF78011F3B60C10009EEA9 /* TubeScene.swift */ = {isa = PBXFileReference; fileEncoding = 4; lastKnownFileType = sourcecode.swift; name = TubeScene.swift; path = Scenes/TubeScene.swift; sourceTree = "<group>"; };
		92CF78051F3B61B00009EEA9 /* ru */ = {isa = PBXFileReference; lastKnownFileType = text.plist.strings; name = ru; path = ru.lproj/LaunchScreen.strings; sourceTree = "<group>"; };
		92CF78081F3B61E10009EEA9 /* ru */ = {isa = PBXFileReference; lastKnownFileType = text.plist.strings; name = ru; path = ru.lproj/Localizable.strings; sourceTree = "<group>"; };
		92CF780C1F3B64650009EEA9 /* String+Localization.swift */ = {isa = PBXFileReference; fileEncoding = 4; lastKnownFileType = sourcecode.swift; name = "String+Localization.swift"; path = "Helpers/String+Localization.swift"; sourceTree = "<group>"; };
		92CF780E1F3B68B90009EEA9 /* Settings.swift */ = {isa = PBXFileReference; fileEncoding = 4; lastKnownFileType = sourcecode.swift; name = Settings.swift; path = Models/Settings.swift; sourceTree = "<group>"; };
		92D2074F1F3B5E4C00C08471 /* SciTunerTests.xctest */ = {isa = PBXFileReference; explicitFileType = wrapper.cfbundle; includeInIndex = 0; path = SciTunerTests.xctest; sourceTree = BUILT_PRODUCTS_DIR; };
		92D207511F3B5E4C00C08471 /* SciTunerTests.swift */ = {isa = PBXFileReference; lastKnownFileType = sourcecode.swift; path = SciTunerTests.swift; sourceTree = "<group>"; };
		92D207531F3B5E4C00C08471 /* Info.plist */ = {isa = PBXFileReference; lastKnownFileType = text.plist.xml; path = Info.plist; sourceTree = "<group>"; };
		CE64AFB17F3CE1AECDF1FEF6 /* Pods-SciTunerTests.debug.xcconfig */ = {isa = PBXFileReference; includeInIndex = 1; lastKnownFileType = text.xcconfig; name = "Pods-SciTunerTests.debug.xcconfig"; path = "Pods/Target Support Files/Pods-SciTunerTests/Pods-SciTunerTests.debug.xcconfig"; sourceTree = "<group>"; };
		E81863D516AD60F020944F0E /* Pods_SciTuner.framework */ = {isa = PBXFileReference; explicitFileType = wrapper.framework; includeInIndex = 0; path = Pods_SciTuner.framework; sourceTree = BUILT_PRODUCTS_DIR; };
/* End PBXFileReference section */

/* Begin PBXFrameworksBuildPhase section */
		92C4EF091A3A11C800ECD2C7 /* Frameworks */ = {
			isa = PBXFrameworksBuildPhase;
			buildActionMask = 2147483647;
			files = (
				9239204A1A502E0500ACDC2E /* AVFoundation.framework in Frameworks */,
				923920481A502DFE00ACDC2E /* Accelerate.framework in Frameworks */,
				1221927D269CB6F25DDF0773 /* Pods_SciTuner.framework in Frameworks */,
			);
			runOnlyForDeploymentPostprocessing = 0;
		};
		92D2074C1F3B5E4C00C08471 /* Frameworks */ = {
			isa = PBXFrameworksBuildPhase;
			buildActionMask = 2147483647;
			files = (
				ADC496E492F5F24E33CDF86D /* Pods_SciTunerTests.framework in Frameworks */,
			);
			runOnlyForDeploymentPostprocessing = 0;
		};
/* End PBXFrameworksBuildPhase section */

/* Begin PBXGroup section */
		4F990EED55C433841643F073 /* Frameworks */ = {
			isa = PBXGroup;
			children = (
				E81863D516AD60F020944F0E /* Pods_SciTuner.framework */,
				2FC678D8D67F8A46DC76060D /* Pods_SciTunerTests.framework */,
			);
			name = Frameworks;
			sourceTree = "<group>";
		};
		921A465B1F570ACC00F48C45 /* Sprites */ = {
			isa = PBXGroup;
			children = (
				921A465C1F570ADB00F48C45 /* Gradient.png */,
			);
			name = Sprites;
			sourceTree = "<group>";
		};
		923616311F3B5CE9001114F3 /* DSP */ = {
			isa = PBXGroup;
			children = (
				923616331F3B5CF8001114F3 /* dspmath.c */,
				923616341F3B5CF8001114F3 /* dspmath.h */,
				923616351F3B5CF8001114F3 /* micsource.c */,
				923616361F3B5CF8001114F3 /* micsource.h */,
				923616371F3B5CF8001114F3 /* processing.c */,
				923616381F3B5CF8001114F3 /* processing.h */,
			);
			name = DSP;
			sourceTree = "<group>";
		};
		9236163D1F3B5D0B001114F3 /* Views */ = {
			isa = PBXGroup;
			children = (
				9236163F1F3B5D1D001114F3 /* CustomButton.swift */,
				92A524501F3F5EF1000AA1B5 /* FrequencyBarView.swift */,
				923616411F3B5D1D001114F3 /* ModebarView.swift */,
				923616421F3B5D1D001114F3 /* FineTuningView.swift */,
				923616431F3B5D1D001114F3 /* PanelView.swift */,
				923616441F3B5D1D001114F3 /* PointerView.swift */,
				923616471F3B5D1D001114F3 /* SettingsView.swift */,
				920381B71F446E52005D85F7 /* TuningView.swift */,
			);
			name = Views;
			sourceTree = "<group>";
		};
		923616561F3B5D22001114F3 /* Models */ = {
			isa = PBXGroup;
			children = (
				923616571F3B5D2E001114F3 /* Microphone.swift */,
				923616591F3B5D2E001114F3 /* Processing.swift */,
				9236165B1F3B5D2E001114F3 /* Tuner.swift */,
				92CF780E1F3B68B90009EEA9 /* Settings.swift */,
				92AB42E81F3BA5AE00EBB7E0 /* Instrument.swift */,
				929E1A0A1F3C769B005561D2 /* Tuning.swift */,
				92AB42EA1F3BB35900EBB7E0 /* Filter.swift */,
				92AB42EC1F3BB57500EBB7E0 /* Pitch.swift */,
				92AB42EE1F3BB6D000EBB7E0 /* Note.swift */,
				929E1A111F3C9111005561D2 /* Fret.swift */,
				925021A11F544B3700D44A75 /* Smoothing.swift */,
				922646631F55DF6400DFE29E /* Style.swift */,
			);
			name = Models;
			sourceTree = "<group>";
		};
		92437FF01F3B5BFB00841001 /* ViewControllers */ = {
			isa = PBXGroup;
			children = (
				923616251F3B5CC5001114F3 /* FiltersAlertController.swift */,
				923616261F3B5CC5001114F3 /* FretsAlertController.swift */,
				923616271F3B5CC5001114F3 /* InstrumentsAlertController.swift */,
				923616281F3B5CC5001114F3 /* SettingsViewController.swift */,
				923616291F3B5CC5001114F3 /* TunerViewController.swift */,
			);
			name = ViewControllers;
			sourceTree = "<group>";
		};
		929E1A0D1F3C8AE4005561D2 /* Models */ = {
			isa = PBXGroup;
			children = (
				929E1A0E1F3C8B01005561D2 /* NoteTests.swift */,
				92668DE11F3E4B08002EC3B3 /* FretTests.swift */,
				92C9C77B1F575DD20062CB86 /* SmoothingTests.swift */,
				92C9C77D1F576EA40062CB86 /* PitchTests.swift */,
				926629B01F583773000B6DCD /* TuningTests.swift */,
			);
			name = Models;
			sourceTree = "<group>";
		};
		92C2B80E1A5801E8008F6A31 /* SciTuner */ = {
			isa = PBXGroup;
			children = (
				921A465B1F570ACC00F48C45 /* Sprites */,
				92CF780B1F3B64450009EEA9 /* Helpers */,
				92CF78001F3B60B60009EEA9 /* Scenes */,
				923616311F3B5CE9001114F3 /* DSP */,
				923616561F3B5D22001114F3 /* Models */,
				92437FF01F3B5BFB00841001 /* ViewControllers */,
				9236163D1F3B5D0B001114F3 /* Views */,
				92C2B8101A5801E8008F6A31 /* AppDelegate.swift */,
				9236162F1F3B5CDE001114F3 /* ViewController.swift */,
				92C2B8111A5801E8008F6A31 /* LaunchScreen.xib */,
				92C2B8151A5801E8008F6A31 /* Images.xcassets */,
				92C2B8161A5801E8008F6A31 /* Info.plist */,
				92CF77FF1F3B60870009EEA9 /* scituner-Bridging-Header.h */,
				92CF78091F3B61E10009EEA9 /* Localizable.strings */,
			);
			path = SciTuner;
			sourceTree = "<group>";
		};
		92C4EF031A3A11C800ECD2C7 = {
			isa = PBXGroup;
			children = (
				92C2B80E1A5801E8008F6A31 /* SciTuner */,
				923920491A502E0500ACDC2E /* AVFoundation.framework */,
				920F09721A40A9D000A69F7A /* Accelerate.framework */,
				92D207501F3B5E4C00C08471 /* SciTunerTests */,
				92C4EF0D1A3A11C800ECD2C7 /* Products */,
				94A140C6CC55A8A125657414 /* Pods */,
				4F990EED55C433841643F073 /* Frameworks */,
			);
			sourceTree = "<group>";
		};
		92C4EF0D1A3A11C800ECD2C7 /* Products */ = {
			isa = PBXGroup;
			children = (
				92C4EF0C1A3A11C800ECD2C7 /* SciTuner.app */,
				92D2074F1F3B5E4C00C08471 /* SciTunerTests.xctest */,
			);
			name = Products;
			sourceTree = "<group>";
		};
		92CF78001F3B60B60009EEA9 /* Scenes */ = {
			isa = PBXGroup;
			children = (
				92CF78011F3B60C10009EEA9 /* TubeScene.swift */,
			);
			name = Scenes;
			sourceTree = "<group>";
		};
		92CF780B1F3B64450009EEA9 /* Helpers */ = {
			isa = PBXGroup;
			children = (
				92CF780C1F3B64650009EEA9 /* String+Localization.swift */,
				922646651F55E04000DFE29E /* UIColor+Hex.swift */,
			);
			name = Helpers;
			sourceTree = "<group>";
		};
		92D207501F3B5E4C00C08471 /* SciTunerTests */ = {
			isa = PBXGroup;
			children = (
				929E1A0D1F3C8AE4005561D2 /* Models */,
				92D207511F3B5E4C00C08471 /* SciTunerTests.swift */,
				92D207531F3B5E4C00C08471 /* Info.plist */,
			);
			path = SciTunerTests;
			sourceTree = "<group>";
		};
		94A140C6CC55A8A125657414 /* Pods */ = {
			isa = PBXGroup;
			children = (
				1063225423BBBFE47FAA2342 /* Pods-SciTuner.debug.xcconfig */,
				0B29579B8ED87A4D8207B24D /* Pods-SciTuner.release.xcconfig */,
				CE64AFB17F3CE1AECDF1FEF6 /* Pods-SciTunerTests.debug.xcconfig */,
				842FD716FEE0BC57A19ED8E2 /* Pods-SciTunerTests.release.xcconfig */,
			);
			name = Pods;
			sourceTree = "<group>";
		};
/* End PBXGroup section */

/* Begin PBXNativeTarget section */
		92C4EF0B1A3A11C800ECD2C7 /* SciTuner */ = {
			isa = PBXNativeTarget;
			buildConfigurationList = 92C4EF2B1A3A11C800ECD2C7 /* Build configuration list for PBXNativeTarget "SciTuner" */;
			buildPhases = (
				999F3EBEA856C7905EB09B60 /* [CP] Check Pods Manifest.lock */,
				92C4EF081A3A11C800ECD2C7 /* Sources */,
				92C4EF091A3A11C800ECD2C7 /* Frameworks */,
				92C4EF0A1A3A11C800ECD2C7 /* Resources */,
				7282B8BA5719DE471B53B493 /* [CP] Embed Pods Frameworks */,
				5D394F9CA29D5EFEC26D98C0 /* [CP] Copy Pods Resources */,
			);
			buildRules = (
			);
			dependencies = (
			);
			name = SciTuner;
			productName = oscituner;
			productReference = 92C4EF0C1A3A11C800ECD2C7 /* SciTuner.app */;
			productType = "com.apple.product-type.application";
		};
		92D2074E1F3B5E4C00C08471 /* SciTunerTests */ = {
			isa = PBXNativeTarget;
			buildConfigurationList = 92D207581F3B5E4C00C08471 /* Build configuration list for PBXNativeTarget "SciTunerTests" */;
			buildPhases = (
				6876A4333FF1D5FC10027131 /* [CP] Check Pods Manifest.lock */,
				92D2074B1F3B5E4C00C08471 /* Sources */,
				92D2074C1F3B5E4C00C08471 /* Frameworks */,
				92D2074D1F3B5E4C00C08471 /* Resources */,
				4CD9A6BBF43FD1E67233500C /* [CP] Embed Pods Frameworks */,
				4C776C0B90C573B46E6AF259 /* [CP] Copy Pods Resources */,
			);
			buildRules = (
			);
			dependencies = (
				92D207551F3B5E4C00C08471 /* PBXTargetDependency */,
			);
			name = SciTunerTests;
			productName = SciTunerTests;
			productReference = 92D2074F1F3B5E4C00C08471 /* SciTunerTests.xctest */;
			productType = "com.apple.product-type.bundle.unit-test";
		};
/* End PBXNativeTarget section */

/* Begin PBXProject section */
		92C4EF041A3A11C800ECD2C7 /* Project object */ = {
			isa = PBXProject;
			attributes = {
				LastSwiftMigration = 0730;
				LastSwiftUpdateCheck = 0830;
				LastUpgradeCheck = 0810;
				ORGANIZATIONNAME = "Denis Kreshikhin";
				TargetAttributes = {
					92C4EF0B1A3A11C800ECD2C7 = {
						CreatedOnToolsVersion = 6.1;
						DevelopmentTeam = FY36GRS4PW;
						LastSwiftMigration = 0830;
					};
					92D2074E1F3B5E4C00C08471 = {
						CreatedOnToolsVersion = 8.3.2;
						DevelopmentTeam = FY36GRS4PW;
						LastSwiftMigration = 0830;
						ProvisioningStyle = Manual;
						TestTargetID = 92C4EF0B1A3A11C800ECD2C7;
					};
				};
			};
			buildConfigurationList = 92C4EF071A3A11C800ECD2C7 /* Build configuration list for PBXProject "SciTuner" */;
			compatibilityVersion = "Xcode 3.2";
			developmentRegion = English;
			hasScannedForEncodings = 0;
			knownRegions = (
				en,
				Base,
			);
			mainGroup = 92C4EF031A3A11C800ECD2C7;
			productRefGroup = 92C4EF0D1A3A11C800ECD2C7 /* Products */;
			projectDirPath = "";
			projectRoot = "";
			targets = (
				92C4EF0B1A3A11C800ECD2C7 /* SciTuner */,
				92D2074E1F3B5E4C00C08471 /* SciTunerTests */,
			);
		};
/* End PBXProject section */

/* Begin PBXResourcesBuildPhase section */
		92C4EF0A1A3A11C800ECD2C7 /* Resources */ = {
			isa = PBXResourcesBuildPhase;
			buildActionMask = 2147483647;
			files = (
				92CF78071F3B61E10009EEA9 /* Localizable.strings in Resources */,
				92C2B8291A5801E8008F6A31 /* Info.plist in Resources */,
				92C2B8261A5801E8008F6A31 /* LaunchScreen.xib in Resources */,
				921A465D1F570ADB00F48C45 /* Gradient.png in Resources */,
				92C2B8281A5801E8008F6A31 /* Images.xcassets in Resources */,
			);
			runOnlyForDeploymentPostprocessing = 0;
		};
		92D2074D1F3B5E4C00C08471 /* Resources */ = {
			isa = PBXResourcesBuildPhase;
			buildActionMask = 2147483647;
			files = (
			);
			runOnlyForDeploymentPostprocessing = 0;
		};
/* End PBXResourcesBuildPhase section */

/* Begin PBXShellScriptBuildPhase section */
		4C776C0B90C573B46E6AF259 /* [CP] Copy Pods Resources */ = {
			isa = PBXShellScriptBuildPhase;
			buildActionMask = 2147483647;
			files = (
			);
			inputPaths = (
			);
			name = "[CP] Copy Pods Resources";
			outputPaths = (
			);
			runOnlyForDeploymentPostprocessing = 0;
			shellPath = /bin/sh;
			shellScript = "\"${SRCROOT}/Pods/Target Support Files/Pods-SciTunerTests/Pods-SciTunerTests-resources.sh\"\n";
			showEnvVarsInLog = 0;
		};
		4CD9A6BBF43FD1E67233500C /* [CP] Embed Pods Frameworks */ = {
			isa = PBXShellScriptBuildPhase;
			buildActionMask = 2147483647;
			files = (
			);
			inputPaths = (
			);
			name = "[CP] Embed Pods Frameworks";
			outputPaths = (
			);
			runOnlyForDeploymentPostprocessing = 0;
			shellPath = /bin/sh;
			shellScript = "\"${SRCROOT}/Pods/Target Support Files/Pods-SciTunerTests/Pods-SciTunerTests-frameworks.sh\"\n";
			showEnvVarsInLog = 0;
		};
		5D394F9CA29D5EFEC26D98C0 /* [CP] Copy Pods Resources */ = {
			isa = PBXShellScriptBuildPhase;
			buildActionMask = 2147483647;
			files = (
			);
			inputPaths = (
			);
			name = "[CP] Copy Pods Resources";
			outputPaths = (
			);
			runOnlyForDeploymentPostprocessing = 0;
			shellPath = /bin/sh;
			shellScript = "\"${SRCROOT}/Pods/Target Support Files/Pods-SciTuner/Pods-SciTuner-resources.sh\"\n";
			showEnvVarsInLog = 0;
		};
		6876A4333FF1D5FC10027131 /* [CP] Check Pods Manifest.lock */ = {
			isa = PBXShellScriptBuildPhase;
			buildActionMask = 2147483647;
			files = (
			);
			inputPaths = (
			);
			name = "[CP] Check Pods Manifest.lock";
			outputPaths = (
			);
			runOnlyForDeploymentPostprocessing = 0;
			shellPath = /bin/sh;
			shellScript = "diff \"${PODS_PODFILE_DIR_PATH}/Podfile.lock\" \"${PODS_ROOT}/Manifest.lock\" > /dev/null\nif [ $? != 0 ] ; then\n    # print error to STDERR\n    echo \"error: The sandbox is not in sync with the Podfile.lock. Run 'pod install' or update your CocoaPods installation.\" >&2\n    exit 1\nfi\n";
			showEnvVarsInLog = 0;
		};
		7282B8BA5719DE471B53B493 /* [CP] Embed Pods Frameworks */ = {
			isa = PBXShellScriptBuildPhase;
			buildActionMask = 2147483647;
			files = (
			);
			inputPaths = (
			);
			name = "[CP] Embed Pods Frameworks";
			outputPaths = (
			);
			runOnlyForDeploymentPostprocessing = 0;
			shellPath = /bin/sh;
			shellScript = "\"${SRCROOT}/Pods/Target Support Files/Pods-SciTuner/Pods-SciTuner-frameworks.sh\"\n";
			showEnvVarsInLog = 0;
		};
		999F3EBEA856C7905EB09B60 /* [CP] Check Pods Manifest.lock */ = {
			isa = PBXShellScriptBuildPhase;
			buildActionMask = 2147483647;
			files = (
			);
			inputPaths = (
			);
			name = "[CP] Check Pods Manifest.lock";
			outputPaths = (
			);
			runOnlyForDeploymentPostprocessing = 0;
			shellPath = /bin/sh;
			shellScript = "diff \"${PODS_PODFILE_DIR_PATH}/Podfile.lock\" \"${PODS_ROOT}/Manifest.lock\" > /dev/null\nif [ $? != 0 ] ; then\n    # print error to STDERR\n    echo \"error: The sandbox is not in sync with the Podfile.lock. Run 'pod install' or update your CocoaPods installation.\" >&2\n    exit 1\nfi\n";
			showEnvVarsInLog = 0;
		};
/* End PBXShellScriptBuildPhase section */

/* Begin PBXSourcesBuildPhase section */
		92C4EF081A3A11C800ECD2C7 /* Sources */ = {
			isa = PBXSourcesBuildPhase;
			buildActionMask = 2147483647;
			files = (
				923616501F3B5D1D001114F3 /* PointerView.swift in Sources */,
				923616301F3B5CDE001114F3 /* ViewController.swift in Sources */,
				929E1A121F3C9111005561D2 /* Fret.swift in Sources */,
				929E1A0B1F3C769B005561D2 /* Tuning.swift in Sources */,
				9236164D1F3B5D1D001114F3 /* ModebarView.swift in Sources */,
				92A524511F3F5EF1000AA1B5 /* FrequencyBarView.swift in Sources */,
				92C2B8251A5801E8008F6A31 /* AppDelegate.swift in Sources */,
				923616531F3B5D1D001114F3 /* SettingsView.swift in Sources */,
				92AB42E91F3BA5AE00EBB7E0 /* Instrument.swift in Sources */,
				9236162B1F3B5CC5001114F3 /* FretsAlertController.swift in Sources */,
				92AB42ED1F3BB57500EBB7E0 /* Pitch.swift in Sources */,
				92CF780D1F3B64650009EEA9 /* String+Localization.swift in Sources */,
				9236162A1F3B5CC5001114F3 /* FiltersAlertController.swift in Sources */,
				923616601F3B5D2E001114F3 /* Tuner.swift in Sources */,
				92AB42EB1F3BB35900EBB7E0 /* Filter.swift in Sources */,
				925021A21F544B3700D44A75 /* Smoothing.swift in Sources */,
				9236164F1F3B5D1D001114F3 /* PanelView.swift in Sources */,
				9236162C1F3B5CC5001114F3 /* InstrumentsAlertController.swift in Sources */,
				9236165C1F3B5D2E001114F3 /* Microphone.swift in Sources */,
				9236165E1F3B5D2E001114F3 /* Processing.swift in Sources */,
				9236163A1F3B5CF8001114F3 /* dspmath.c in Sources */,
				92AB42EF1F3BB6D000EBB7E0 /* Note.swift in Sources */,
				9236164E1F3B5D1D001114F3 /* FineTuningView.swift in Sources */,
				922646641F55DF6400DFE29E /* Style.swift in Sources */,
				9236162E1F3B5CC5001114F3 /* TunerViewController.swift in Sources */,
				9236164B1F3B5D1D001114F3 /* CustomButton.swift in Sources */,
				9236163B1F3B5CF8001114F3 /* micsource.c in Sources */,
				922646661F55E04000DFE29E /* UIColor+Hex.swift in Sources */,
				92CF780F1F3B68B90009EEA9 /* Settings.swift in Sources */,
				920381B81F446E52005D85F7 /* TuningView.swift in Sources */,
				92CF78021F3B60C10009EEA9 /* TubeScene.swift in Sources */,
				9236162D1F3B5CC5001114F3 /* SettingsViewController.swift in Sources */,
				9236163C1F3B5CF8001114F3 /* processing.c in Sources */,
			);
			runOnlyForDeploymentPostprocessing = 0;
		};
		92D2074B1F3B5E4C00C08471 /* Sources */ = {
			isa = PBXSourcesBuildPhase;
			buildActionMask = 2147483647;
			files = (
				926629B21F5837FE000B6DCD /* Tuning.swift in Sources */,
				92D207521F3B5E4C00C08471 /* SciTunerTests.swift in Sources */,
				926629B31F58388F000B6DCD /* Instrument.swift in Sources */,
				92C9C77E1F576EA40062CB86 /* PitchTests.swift in Sources */,
				926629B11F583773000B6DCD /* TuningTests.swift in Sources */,
				929E1A0F1F3C8B01005561D2 /* NoteTests.swift in Sources */,
				92C9C77C1F575DD20062CB86 /* SmoothingTests.swift in Sources */,
				92C9C77F1F576ECB0062CB86 /* Pitch.swift in Sources */,
				92668DE21F3E4B08002EC3B3 /* FretTests.swift in Sources */,
				92668DE41F3E4C59002EC3B3 /* String+Localization.swift in Sources */,
				925021A31F544B3700D44A75 /* Smoothing.swift in Sources */,
				929E1A101F3C8BAF005561D2 /* Note.swift in Sources */,
				92668DE31F3E4B0C002EC3B3 /* Fret.swift in Sources */,
			);
			runOnlyForDeploymentPostprocessing = 0;
		};
/* End PBXSourcesBuildPhase section */

/* Begin PBXTargetDependency section */
		92D207551F3B5E4C00C08471 /* PBXTargetDependency */ = {
			isa = PBXTargetDependency;
			target = 92C4EF0B1A3A11C800ECD2C7 /* SciTuner */;
			targetProxy = 92D207541F3B5E4C00C08471 /* PBXContainerItemProxy */;
		};
/* End PBXTargetDependency section */

/* Begin PBXVariantGroup section */
		92C2B8111A5801E8008F6A31 /* LaunchScreen.xib */ = {
			isa = PBXVariantGroup;
			children = (
				92C2B8121A5801E8008F6A31 /* Base */,
				92CF78051F3B61B00009EEA9 /* ru */,
			);
			name = LaunchScreen.xib;
			sourceTree = "<group>";
		};
		92CF78091F3B61E10009EEA9 /* Localizable.strings */ = {
			isa = PBXVariantGroup;
			children = (
				92CF78081F3B61E10009EEA9 /* ru */,
				929E1A0C1F3C7956005561D2 /* en */,
			);
			name = Localizable.strings;
			sourceTree = "<group>";
		};
/* End PBXVariantGroup section */

/* Begin XCBuildConfiguration section */
		92C4EF291A3A11C800ECD2C7 /* Debug */ = {
			isa = XCBuildConfiguration;
			buildSettings = {
				ALWAYS_SEARCH_USER_PATHS = NO;
				CLANG_ANALYZER_LOCALIZABILITY_NONLOCALIZED = YES;
				CLANG_CXX_LANGUAGE_STANDARD = "gnu++0x";
				CLANG_CXX_LIBRARY = "libc++";
				CLANG_ENABLE_MODULES = YES;
				CLANG_ENABLE_OBJC_ARC = YES;
				CLANG_WARN_BOOL_CONVERSION = YES;
				CLANG_WARN_CONSTANT_CONVERSION = YES;
				CLANG_WARN_DIRECT_OBJC_ISA_USAGE = YES_ERROR;
				CLANG_WARN_EMPTY_BODY = YES;
				CLANG_WARN_ENUM_CONVERSION = YES;
				CLANG_WARN_INFINITE_RECURSION = YES;
				CLANG_WARN_INT_CONVERSION = YES;
				CLANG_WARN_OBJC_ROOT_CLASS = YES_ERROR;
				CLANG_WARN_SUSPICIOUS_MOVE = YES;
				CLANG_WARN_UNREACHABLE_CODE = YES;
				CLANG_WARN__DUPLICATE_METHOD_MATCH = YES;
				"CODE_SIGN_IDENTITY[sdk=iphoneos*]" = "iPhone Developer";
				COPY_PHASE_STRIP = NO;
				ENABLE_STRICT_OBJC_MSGSEND = YES;
				ENABLE_TESTABILITY = YES;
				GCC_C_LANGUAGE_STANDARD = gnu99;
				GCC_DYNAMIC_NO_PIC = NO;
				GCC_NO_COMMON_BLOCKS = YES;
				GCC_OPTIMIZATION_LEVEL = 0;
				GCC_PREPROCESSOR_DEFINITIONS = (
					"DEBUG=1",
					"$(inherited)",
				);
				GCC_SYMBOLS_PRIVATE_EXTERN = NO;
				GCC_WARN_64_TO_32_BIT_CONVERSION = YES;
				GCC_WARN_ABOUT_RETURN_TYPE = YES_ERROR;
				GCC_WARN_UNDECLARED_SELECTOR = YES;
				GCC_WARN_UNINITIALIZED_AUTOS = YES_AGGRESSIVE;
				GCC_WARN_UNUSED_FUNCTION = YES;
				GCC_WARN_UNUSED_VARIABLE = YES;
				IPHONEOS_DEPLOYMENT_TARGET = 8.1;
				MTL_ENABLE_DEBUG_INFO = YES;
				ONLY_ACTIVE_ARCH = YES;
				SDKROOT = iphoneos;
				SWIFT_OPTIMIZATION_LEVEL = "-Onone";
			};
			name = Debug;
		};
		92C4EF2A1A3A11C800ECD2C7 /* Release */ = {
			isa = XCBuildConfiguration;
			buildSettings = {
				ALWAYS_SEARCH_USER_PATHS = NO;
				CLANG_ANALYZER_LOCALIZABILITY_NONLOCALIZED = YES;
				CLANG_CXX_LANGUAGE_STANDARD = "gnu++0x";
				CLANG_CXX_LIBRARY = "libc++";
				CLANG_ENABLE_MODULES = YES;
				CLANG_ENABLE_OBJC_ARC = YES;
				CLANG_WARN_BOOL_CONVERSION = YES;
				CLANG_WARN_CONSTANT_CONVERSION = YES;
				CLANG_WARN_DIRECT_OBJC_ISA_USAGE = YES_ERROR;
				CLANG_WARN_EMPTY_BODY = YES;
				CLANG_WARN_ENUM_CONVERSION = YES;
				CLANG_WARN_INFINITE_RECURSION = YES;
				CLANG_WARN_INT_CONVERSION = YES;
				CLANG_WARN_OBJC_ROOT_CLASS = YES_ERROR;
				CLANG_WARN_SUSPICIOUS_MOVE = YES;
				CLANG_WARN_UNREACHABLE_CODE = YES;
				CLANG_WARN__DUPLICATE_METHOD_MATCH = YES;
				"CODE_SIGN_IDENTITY[sdk=iphoneos*]" = "iPhone Developer";
				COPY_PHASE_STRIP = YES;
				ENABLE_NS_ASSERTIONS = NO;
				ENABLE_STRICT_OBJC_MSGSEND = YES;
				GCC_C_LANGUAGE_STANDARD = gnu99;
				GCC_NO_COMMON_BLOCKS = YES;
				GCC_WARN_64_TO_32_BIT_CONVERSION = YES;
				GCC_WARN_ABOUT_RETURN_TYPE = YES_ERROR;
				GCC_WARN_UNDECLARED_SELECTOR = YES;
				GCC_WARN_UNINITIALIZED_AUTOS = YES_AGGRESSIVE;
				GCC_WARN_UNUSED_FUNCTION = YES;
				GCC_WARN_UNUSED_VARIABLE = YES;
				IPHONEOS_DEPLOYMENT_TARGET = 8.1;
				MTL_ENABLE_DEBUG_INFO = NO;
				SDKROOT = iphoneos;
				VALIDATE_PRODUCT = YES;
			};
			name = Release;
		};
		92C4EF2C1A3A11C800ECD2C7 /* Debug */ = {
			isa = XCBuildConfiguration;
			baseConfigurationReference = 1063225423BBBFE47FAA2342 /* Pods-SciTuner.debug.xcconfig */;
			buildSettings = {
				ASSETCATALOG_COMPILER_APPICON_NAME = AppIcon;
				CLANG_ENABLE_MODULES = YES;
				CODE_SIGN_IDENTITY = "iPhone Developer: Denis Kreshikhin (CBXCCUSRLW)";
				DEVELOPMENT_TEAM = FY36GRS4PW;
				GCC_OPTIMIZATION_LEVEL = 0;
				INFOPLIST_FILE = scituner/Info.plist;
				IPHONEOS_DEPLOYMENT_TARGET = 9.0;
				LD_RUNPATH_SEARCH_PATHS = "$(inherited) @executable_path/Frameworks";
				PRODUCT_BUNDLE_IDENTIFIER = "com.kreshikhin.$(PRODUCT_NAME:rfc1034identifier)";
				PRODUCT_NAME = SciTuner;
				PROVISIONING_PROFILE = "0092b306-9d37-4500-a858-bc09e1abb7f1";
				PROVISIONING_PROFILE_SPECIFIER = "Xcode iOS Wildcard App ID";
				SWIFT_OBJC_BRIDGING_HEADER = "scituner/scituner-Bridging-Header.h";
				SWIFT_OPTIMIZATION_LEVEL = "-Onone";
				SWIFT_VERSION = 3.0;
			};
			name = Debug;
		};
		92C4EF2D1A3A11C800ECD2C7 /* Release */ = {
			isa = XCBuildConfiguration;
			baseConfigurationReference = 0B29579B8ED87A4D8207B24D /* Pods-SciTuner.release.xcconfig */;
			buildSettings = {
				ASSETCATALOG_COMPILER_APPICON_NAME = AppIcon;
				CLANG_ENABLE_MODULES = YES;
				CODE_SIGN_IDENTITY = "iPhone Distribution: Denis Kreshikhin (FY36GRS4PW)";
				DEVELOPMENT_TEAM = FY36GRS4PW;
				INFOPLIST_FILE = scituner/Info.plist;
				IPHONEOS_DEPLOYMENT_TARGET = 9.0;
				LD_RUNPATH_SEARCH_PATHS = "$(inherited) @executable_path/Frameworks";
				PRODUCT_BUNDLE_IDENTIFIER = "com.kreshikhin.$(PRODUCT_NAME:rfc1034identifier)";
				PRODUCT_NAME = SciTuner;
				PROVISIONING_PROFILE = "d60ca57c-8854-4a4d-91c5-a330c92785d0";
				PROVISIONING_PROFILE_SPECIFIER = "SciTuner Appstore";
				SWIFT_OBJC_BRIDGING_HEADER = "scituner/scituner-Bridging-Header.h";
				SWIFT_OPTIMIZATION_LEVEL = "-Owholemodule";
				SWIFT_VERSION = 3.0;
			};
			name = Release;
		};
		92D207561F3B5E4C00C08471 /* Debug */ = {
			isa = XCBuildConfiguration;
			baseConfigurationReference = CE64AFB17F3CE1AECDF1FEF6 /* Pods-SciTunerTests.debug.xcconfig */;
			buildSettings = {
				BUNDLE_LOADER = "$(TEST_HOST)";
				CLANG_ANALYZER_NONNULL = YES;
				CLANG_ANALYZER_NUMBER_OBJECT_CONVERSION = YES_AGGRESSIVE;
				CLANG_WARN_DOCUMENTATION_COMMENTS = YES;
				DEBUG_INFORMATION_FORMAT = dwarf;
				DEVELOPMENT_TEAM = FY36GRS4PW;
				INFOPLIST_FILE = SciTunerTests/Info.plist;
				IPHONEOS_DEPLOYMENT_TARGET = 10.3;
				LD_RUNPATH_SEARCH_PATHS = "$(inherited) @executable_path/Frameworks @loader_path/Frameworks";
				PRODUCT_BUNDLE_IDENTIFIER = com.kreshikhin.SciTunerTests;
				PRODUCT_NAME = "$(TARGET_NAME)";
				PROVISIONING_PROFILE_SPECIFIER = "";
				SWIFT_ACTIVE_COMPILATION_CONDITIONS = DEBUG;
				SWIFT_VERSION = 3.0;
				TEST_HOST = "$(BUILT_PRODUCTS_DIR)/SciTuner.app/SciTuner";
			};
			name = Debug;
		};
		92D207571F3B5E4C00C08471 /* Release */ = {
			isa = XCBuildConfiguration;
			baseConfigurationReference = 842FD716FEE0BC57A19ED8E2 /* Pods-SciTunerTests.release.xcconfig */;
			buildSettings = {
				BUNDLE_LOADER = "$(TEST_HOST)";
				CLANG_ANALYZER_NONNULL = YES;
				CLANG_ANALYZER_NUMBER_OBJECT_CONVERSION = YES_AGGRESSIVE;
				CLANG_WARN_DOCUMENTATION_COMMENTS = YES;
				COPY_PHASE_STRIP = NO;
				DEBUG_INFORMATION_FORMAT = "dwarf-with-dsym";
				DEVELOPMENT_TEAM = "";
				INFOPLIST_FILE = SciTunerTests/Info.plist;
				IPHONEOS_DEPLOYMENT_TARGET = 10.3;
				LD_RUNPATH_SEARCH_PATHS = "$(inherited) @executable_path/Frameworks @loader_path/Frameworks";
				PRODUCT_BUNDLE_IDENTIFIER = com.kreshikhin.SciTunerTests;
				PRODUCT_NAME = "$(TARGET_NAME)";
				PROVISIONING_PROFILE_SPECIFIER = "";
				SWIFT_OPTIMIZATION_LEVEL = "-Owholemodule";
				SWIFT_VERSION = 3.0;
				TEST_HOST = "$(BUILT_PRODUCTS_DIR)/SciTuner.app/SciTuner";
			};
			name = Release;
		};
/* End XCBuildConfiguration section */

/* Begin XCConfigurationList section */
		92C4EF071A3A11C800ECD2C7 /* Build configuration list for PBXProject "SciTuner" */ = {
			isa = XCConfigurationList;
			buildConfigurations = (
				92C4EF291A3A11C800ECD2C7 /* Debug */,
				92C4EF2A1A3A11C800ECD2C7 /* Release */,
			);
			defaultConfigurationIsVisible = 0;
			defaultConfigurationName = Release;
		};
		92C4EF2B1A3A11C800ECD2C7 /* Build configuration list for PBXNativeTarget "SciTuner" */ = {
			isa = XCConfigurationList;
			buildConfigurations = (
				92C4EF2C1A3A11C800ECD2C7 /* Debug */,
				92C4EF2D1A3A11C800ECD2C7 /* Release */,
			);
			defaultConfigurationIsVisible = 0;
			defaultConfigurationName = Release;
		};
		92D207581F3B5E4C00C08471 /* Build configuration list for PBXNativeTarget "SciTunerTests" */ = {
			isa = XCConfigurationList;
			buildConfigurations = (
				92D207561F3B5E4C00C08471 /* Debug */,
				92D207571F3B5E4C00C08471 /* Release */,
			);
			defaultConfigurationIsVisible = 0;
			defaultConfigurationName = Release;
		};
/* End XCConfigurationList section */
	};
	rootObject = 92C4EF041A3A11C800ECD2C7 /* Project object */;
}
